// !$*UTF8*$!
{
	archiveVersion = 1;
	classes = {
	};
	objectVersion = 63;
	objects = {

/* Begin PBXBuildFile section */
		018C2423C0C86CE01329D1C1 /* PhotoLibraryService.swift in Sources */ = {isa = PBXBuildFile; fileRef = 7C61A47D28D08C6960017130 /* PhotoLibraryService.swift */; };
		02C7FBC355F6A0B6897904C8 /* ProfileTab.swift in Sources */ = {isa = PBXBuildFile; fileRef = 92EF130D6F0181711C3C8D15 /* ProfileTab.swift */; };
		05236A51D1AADA5B81A322C2 /* NegativePrompts.swift in Sources */ = {isa = PBXBuildFile; fileRef = A5F0A68F65B4BF9A1CFA475A /* NegativePrompts.swift */; };
		0A5F72F3A177D8151F5B70D0 /* ExtrasStepView.swift in Sources */ = {isa = PBXBuildFile; fileRef = FA2585C5073F35A6470775B3 /* ExtrasStepView.swift */; };
		162CEFDA5FFBDD64CAE60392 /* ColorSettings.swift in Sources */ = {isa = PBXBuildFile; fileRef = 91F81AFF070A145CF531597E /* ColorSettings.swift */; };
		1FA1B5762E86758C83CEF517 /* OpenRouterService.swift in Sources */ = {isa = PBXBuildFile; fileRef = FC1056727B410D483D6F9ADD /* OpenRouterService.swift */; };
		216C56E6B218DA5C1BF072D8 /* RefinementBuilder.swift in Sources */ = {isa = PBXBuildFile; fileRef = BF2FFDC8FE9FB5A25AA9DC55 /* RefinementBuilder.swift */; };
		23489EA620ACBFB14235A1C4 /* UserProfile.swift in Sources */ = {isa = PBXBuildFile; fileRef = FB709BFEED3D9A7E60798343 /* UserProfile.swift */; };
		277B13203FA5FBD8FC6CA8CB /* Color+Hex.swift in Sources */ = {isa = PBXBuildFile; fileRef = 730206EB978BE7E39383D4E7 /* Color+Hex.swift */; };
		2FF9E8EF7D435EAAEF507B62 /* LanguagePreferencesScreen.swift in Sources */ = {isa = PBXBuildFile; fileRef = 3302C6C00520142F3A090D56 /* LanguagePreferencesScreen.swift */; };
		3B94A4B396C8D3435B1B7036 /* SettingsView.swift in Sources */ = {isa = PBXBuildFile; fileRef = 5B77BF34CD3B703956CC91DE /* SettingsView.swift */; };
		3FE4D7FCFD945CDE9225C7FD /* SampleLoadingScreen.swift in Sources */ = {isa = PBXBuildFile; fileRef = 6B0CABCF6AF8194D73A15FAB /* SampleLoadingScreen.swift */; };
		41536973C193B227050DE9A3 /* HomeTab.swift in Sources */ = {isa = PBXBuildFile; fileRef = 28384D20DBD9AA54F572AFFC /* HomeTab.swift */; };
		449D883F219ADF7D2890DD16 /* PromptBuilder.swift in Sources */ = {isa = PBXBuildFile; fileRef = 9579E2430EA7DEC2FA8D87BF /* PromptBuilder.swift */; };
		51A412CAA71CCC99E9905560 /* BackgroundType.swift in Sources */ = {isa = PBXBuildFile; fileRef = 8CE5F8A345997A42000089FD /* BackgroundType.swift */; };
		583C195202B2E418A93257F1 /* GalleryTab.swift in Sources */ = {isa = PBXBuildFile; fileRef = 406E392633E0FE2FA6DCA496 /* GalleryTab.swift */; };
		5C7C3B7B30AEBC3B92E6197E /* ReviewService.swift in Sources */ = {isa = PBXBuildFile; fileRef = B5E794700C37A8E743419C16 /* ReviewService.swift */; };
		5FB2D7F993C41590103B4627 /* FlyerCategory.swift in Sources */ = {isa = PBXBuildFile; fileRef = 02FE6F65315FE96A35C34223 /* FlyerCategory.swift */; };
		64C32D608A4EFC6C72A370D6 /* VisualStyle.swift in Sources */ = {isa = PBXBuildFile; fileRef = 68824529B837896DBABCE0F2 /* VisualStyle.swift */; };
		6576A29683D25BA73B38F93B /* RefinementSheet.swift in Sources */ = {isa = PBXBuildFile; fileRef = CEB654DCA88FF679FBEFB358 /* RefinementSheet.swift */; };
		66727D08C7345522F2AE16F8 /* DynamicTextField.swift in Sources */ = {isa = PBXBuildFile; fileRef = 12BBCEF15B2AF34A5A490D50 /* DynamicTextField.swift */; };
		6C12C05D86292A4CD215C4C6 /* FlyerProject.swift in Sources */ = {isa = PBXBuildFile; fileRef = EDBC65359BBD8F17309A355E /* FlyerProject.swift */; };
		7657D1662281381A3D0FF455 /* SampleShowcaseScreen.swift in Sources */ = {isa = PBXBuildFile; fileRef = 59D15DB4DE5A14E48E823DB9 /* SampleShowcaseScreen.swift */; };
		7AA28B261F949897D5FC2C5E /* FlyerTemplate.swift in Sources */ = {isa = PBXBuildFile; fileRef = FCFDACA03D378A28BF9670D9 /* FlyerTemplate.swift */; };
		7CD3EBE906F543C25CE7093B /* FormatStepView.swift in Sources */ = {isa = PBXBuildFile; fileRef = 06A2021DD0B02DD6E91E8438 /* FormatStepView.swift */; };
		7E5251F0DAF882D2A7170827 /* VisualStyleStepView.swift in Sources */ = {isa = PBXBuildFile; fileRef = BAF6F1696F9CC685DEFECA3D /* VisualStyleStepView.swift */; };
		7FEF504FA9A80B345EEA6AF1 /* SelectionCard.swift in Sources */ = {isa = PBXBuildFile; fileRef = F6E4BF8C2207C43A1E6C895F /* SelectionCard.swift */; };
		85E0287D14A5A7FF9C00D9EF /* ImageryType.swift in Sources */ = {isa = PBXBuildFile; fileRef = 5B19FB9D5DD3973FDEA7EABC /* ImageryType.swift */; };
		8B9444F119058A6009D3D5A0 /* ResultView.swift in Sources */ = {isa = PBXBuildFile; fileRef = BD83E70692A589F8678D5A0D /* ResultView.swift */; };
		8BD5EFE72EE8CA9800D38B1B /* Lottie in Frameworks */ = {isa = PBXBuildFile; productRef = 8B31641C2EE5FCF300996E8A /* Lottie */; };
		8BD5EFEB2EE8CF7C00D38B1B /* ScheduleEntriesField.swift in Sources */ = {isa = PBXBuildFile; fileRef = 8BD5EFEA2EE8CF7C00D38B1B /* ScheduleEntriesField.swift */; };
		8BE98D1E2EE5FA3A005A4DC3 /* workflow-styles.json in Resources */ = {isa = PBXBuildFile; fileRef = 8BE98D1C2EE5FA3A005A4DC3 /* workflow-styles.json */; };
		8BE98D1F2EE5FA3A005A4DC3 /* workflow-categories.json in Resources */ = {isa = PBXBuildFile; fileRef = 8BE98D1B2EE5FA3A005A4DC3 /* workflow-categories.json */; };
		8BE98D202EE5FA3A005A4DC3 /* ai-generation-magic.json in Resources */ = {isa = PBXBuildFile; fileRef = 8BE98D192EE5FA3A005A4DC3 /* ai-generation-magic.json */; };
		8BE98D212EE5FA3A005A4DC3 /* welcome-flyer.json in Resources */ = {isa = PBXBuildFile; fileRef = 8BE98D1A2EE5FA3A005A4DC3 /* welcome-flyer.json */; };
		8BE98D222EE5FA3A005A4DC3 /* onboarding-category.json in Resources */ = {isa = PBXBuildFile; fileRef = 8BE98D232EE5FA3A005A4DC3 /* onboarding-category.json */; };
		8BE98D242EE5FA3A005A4DC3 /* onboarding-text.json in Resources */ = {isa = PBXBuildFile; fileRef = 8BE98D252EE5FA3A005A4DC3 /* onboarding-text.json */; };
		8BE98D262EE5FA3A005A4DC3 /* onboarding-logo.json in Resources */ = {isa = PBXBuildFile; fileRef = 8BE98D272EE5FA3A005A4DC3 /* onboarding-logo.json */; };
		8BE98D282EE5FA3A005A4DC3 /* onboarding-qrcode.json in Resources */ = {isa = PBXBuildFile; fileRef = 8BE98D292EE5FA3A005A4DC3 /* onboarding-qrcode.json */; };
		8BE98D2A2EE5FA3A005A4DC3 /* onboarding-colors.json in Resources */ = {isa = PBXBuildFile; fileRef = 8BE98D2B2EE5FA3A005A4DC3 /* onboarding-colors.json */; };
		8BE98D2C2EE5FA3A005A4DC3 /* onboarding-ready.json in Resources */ = {isa = PBXBuildFile; fileRef = 8BE98D2D2EE5FA3A005A4DC3 /* onboarding-ready.json */; };
		8BF224B82EE5FE9700E8776A /* AIGenerationScreen.swift in Sources */ = {isa = PBXBuildFile; fileRef = 8BF224B42EE5FE9700E8776A /* AIGenerationScreen.swift */; };
		8BF224B92EE5FE9700E8776A /* InteractiveOnboardingView.swift in Sources */ = {isa = PBXBuildFile; fileRef = 8BF224B32EE5FE9700E8776A /* InteractiveOnboardingView.swift */; };
		8BF224BA2EE5FE9700E8776A /* OnboardingViewModel.swift in Sources */ = {isa = PBXBuildFile; fileRef = 8BF224B12EE5FE9700E8776A /* OnboardingViewModel.swift */; };
		8BF224BB2EE5FE9700E8776A /* MockSelectionChip.swift in Sources */ = {isa = PBXBuildFile; fileRef = 8BF224AF2EE5FE9700E8776A /* MockSelectionChip.swift */; };
		8BF224BC2EE5FE9700E8776A /* WorkflowDemoScreen.swift in Sources */ = {isa = PBXBuildFile; fileRef = 8BF224B62EE5FE9700E8776A /* WorkflowDemoScreen.swift */; };
		8BF224BD2EE5FE9700E8776A /* LottieAnimationView.swift in Sources */ = {isa = PBXBuildFile; fileRef = 8BF224AE2EE5FE9700E8776A /* LottieAnimationView.swift */; };
		8BF224BE2EE5FE9700E8776A /* OnboardingProgressIndicator.swift in Sources */ = {isa = PBXBuildFile; fileRef = 8BF224B02EE5FE9700E8776A /* OnboardingProgressIndicator.swift */; };
		8BF224BF2EE5FE9700E8776A /* WelcomeScreen.swift in Sources */ = {isa = PBXBuildFile; fileRef = 8BF224B52EE5FE9700E8776A /* WelcomeScreen.swift */; };
		8EAC2A0DC868190AA6F1A97B /* TextContent.swift in Sources */ = {isa = PBXBuildFile; fileRef = A4E86A123D7FDBB3C7C8AAEF /* TextContent.swift */; };
		9288B11FBCD6606AF08CDECC /* ColorsStepView.swift in Sources */ = {isa = PBXBuildFile; fileRef = 802D02689D38132C24042AFA /* ColorsStepView.swift */; };
		95D0F8F627BD2D5768EFA97F /* StoreKitService.swift in Sources */ = {isa = PBXBuildFile; fileRef = A127BBD1A88D83A876C6249C /* StoreKitService.swift */; };
		99A104086420FCC441766ECB /* FlyGenProducts.storekit in Resources */ = {isa = PBXBuildFile; fileRef = 0D3E46940C3FF0B96D5406A0 /* FlyGenProducts.storekit */; };
		99D720E6840CE49CB75168A3 /* FlyGenApp.swift in Sources */ = {isa = PBXBuildFile; fileRef = 64F969BABBE5624EFD6A441E /* FlyGenApp.swift */; };
		9FC6E6C9D0FF652459D20F78 /* PromptDescriptors.swift in Sources */ = {isa = PBXBuildFile; fileRef = 1FA816BFB754005DF233AD04 /* PromptDescriptors.swift */; };
		A5629E3E2DD610E4FB277467 /* CategoryConfiguration.swift in Sources */ = {isa = PBXBuildFile; fileRef = 6A59507810937320A7BE5896 /* CategoryConfiguration.swift */; };
		A94C20959D4B1E18DE3859D7 /* Assets.xcassets in Resources */ = {isa = PBXBuildFile; fileRef = A94669CCDA2F09E03E777709 /* Assets.xcassets */; };
		AA00000000000001 /* FGColors.swift in Sources */ = {isa = PBXBuildFile; fileRef = BB00000000000001 /* FGColors.swift */; };
		AA00000000000002 /* FGTypography.swift in Sources */ = {isa = PBXBuildFile; fileRef = BB00000000000002 /* FGTypography.swift */; };
		AA00000000000003 /* FGSpacing.swift in Sources */ = {isa = PBXBuildFile; fileRef = BB00000000000003 /* FGSpacing.swift */; };
		AA00000000000004 /* FGGradients.swift in Sources */ = {isa = PBXBuildFile; fileRef = BB00000000000004 /* FGGradients.swift */; };
		AA00000000000005 /* FGAnimations.swift in Sources */ = {isa = PBXBuildFile; fileRef = BB00000000000005 /* FGAnimations.swift */; };
		AA00000000000006 /* FGTooltip.swift in Sources */ = {isa = PBXBuildFile; fileRef = BB00000000000006 /* FGTooltip.swift */; };
		AA00000000000008 /* FGButtons.swift in Sources */ = {isa = PBXBuildFile; fileRef = BB00000000000008 /* FGButtons.swift */; };
		AA81BC3EDC68F5F40B236E37 /* TextProminence.swift in Sources */ = {isa = PBXBuildFile; fileRef = 4F62F08E46FF0DE6F50F5350 /* TextProminence.swift */; };
		AACREDIT000000001 /* CreditPurchaseSheet.swift in Sources */ = {isa = PBXBuildFile; fileRef = BBCREDIT000000001 /* CreditPurchaseSheet.swift */; };
		AADRAFTSVC00001 /* DraftStorageService.swift in Sources */ = {isa = PBXBuildFile; fileRef = BBDRAFTSVC00001 /* DraftStorageService.swift */; };
		AAEXPANDEDTEXT001 /* ExpandedTextEditorSheet.swift in Sources */ = {isa = PBXBuildFile; fileRef = BBEXPANDEDTEXT001 /* ExpandedTextEditorSheet.swift */; };
		AAEXPLORE00000001 /* ExploreTab.swift in Sources */ = {isa = PBXBuildFile; fileRef = BBEXPLORE00000001 /* ExploreTab.swift */; };
		AAINTENT0000001 /* Intent.swift in Sources */ = {isa = PBXBuildFile; fileRef = BBINTENT0000001 /* Intent.swift */; };
		AALANG00000000001 /* Language.swift in Sources */ = {isa = PBXBuildFile; fileRef = LANG00000000000001 /* Language.swift */; };
		AANEWOFFER00001 /* NewUserOfferSheet.swift in Sources */ = {isa = PBXBuildFile; fileRef = BBNEWOFFER00001 /* NewUserOfferSheet.swift */; };
		AAOUTPUTTYPE00001 /* OutputType.swift in Sources */ = {isa = PBXBuildFile; fileRef = BBOUTPUTTYPE00001 /* OutputType.swift */; };
		AASAMPLEFLYER0001 /* SampleFlyer.swift in Sources */ = {isa = PBXBuildFile; fileRef = BBSAMPLEFLYER0001 /* SampleFlyer.swift */; };
		AASAMPLELIB00001 /* SampleLibrary.swift in Sources */ = {isa = PBXBuildFile; fileRef = BBSAMPLELIB00001 /* SampleLibrary.swift */; };
		AASEASONAL00001 /* SeasonalOccasion.swift in Sources */ = {isa = PBXBuildFile; fileRef = BBSEASONAL00001 /* SeasonalOccasion.swift */; };
		AEFA45546E3C5CFC25B13495 /* SuggestionService.swift in Sources */ = {isa = PBXBuildFile; fileRef = DE68BC1381C77E543EAE2C81 /* SuggestionService.swift */; };
		AF0E0F3ACA691B8747193C62 /* TextContentStepView.swift in Sources */ = {isa = PBXBuildFile; fileRef = EB04130801C20BE11F94D733 /* TextContentStepView.swift */; };
		AF18214E835F054B9D8F49AE /* ColorSchemePreset.swift in Sources */ = {isa = PBXBuildFile; fileRef = 0B3C4ECDD1E3D317F67F2CE0 /* ColorSchemePreset.swift */; };
		AF8A46FDD739A68963EAE7EE /* CategoryStepView.swift in Sources */ = {isa = PBXBuildFile; fileRef = 6C0B42D66AE1AED299093D64 /* CategoryStepView.swift */; };
		B1AF5D2BC6C1DEA70A386BEF /* ReviewStepView.swift in Sources */ = {isa = PBXBuildFile; fileRef = C751A204A7CDA258A17B6A21 /* ReviewStepView.swift */; };
		B516914BCDF12F3C699488C2 /* CategoryPreferencesScreen.swift in Sources */ = {isa = PBXBuildFile; fileRef = 1391F54EAEC68ADFEF21B253 /* CategoryPreferencesScreen.swift */; };
		C1CD44B611E655EE6AE96973 /* QRCodeSettings.swift in Sources */ = {isa = PBXBuildFile; fileRef = 827EC63DDC6A4957895A8B11 /* QRCodeSettings.swift */; };
		C1E4818D4049DED2EA4A4C4D /* FlyerCreationViewModel.swift in Sources */ = {isa = PBXBuildFile; fileRef = 898F624DFE2689054E2A708A /* FlyerCreationViewModel.swift */; };
		C26FE3379FE83AE1651A5BE4 /* NotificationService.swift in Sources */ = {isa = PBXBuildFile; fileRef = E8B8C8492F364170AB2291CB /* NotificationService.swift */; };
		C28748394FC9BABE59A6C1DF /* GenerationView.swift in Sources */ = {isa = PBXBuildFile; fileRef = 37D0B5EC3F09F5173CDBA3CE /* GenerationView.swift */; };
		C3BBCCD7150492B2AC6789A0 /* CreationFlowView.swift in Sources */ = {isa = PBXBuildFile; fileRef = 48A766390A874ED2612B3679 /* CreationFlowView.swift */; };
		CFBB57982774AF66F39B14FB /* ContentView.swift in Sources */ = {isa = PBXBuildFile; fileRef = E1031905BEC715F64F5957DC /* ContentView.swift */; };
		D2C34BB266AFC53E448E7757 /* VisualSettings.swift in Sources */ = {isa = PBXBuildFile; fileRef = 22AD3ED9139C2DCCA31C6A01 /* VisualSettings.swift */; };
		D94F5D6CBFCB6E78D6A0D94A /* TemplatePickerView.swift in Sources */ = {isa = PBXBuildFile; fileRef = 8B634CC343D768DCA67B127B /* TemplatePickerView.swift */; };
		D958E07702A0C8EE2FE7C9F1 /* CloudKitService.swift in Sources */ = {isa = PBXBuildFile; fileRef = D77094514BDAD21090480D3A /* CloudKitService.swift */; };
		D9C9D5796C668A7410E36E2D /* SavedFlyer.swift in Sources */ = {isa = PBXBuildFile; fileRef = F8CD1653EE523C3DC3B07690 /* SavedFlyer.swift */; };
		DFE68A36258F14EC52666634 /* Mood.swift in Sources */ = {isa = PBXBuildFile; fileRef = 340B5206B7FAD148FFC4FA90 /* Mood.swift */; };
		E447D3471E42E86CC0D53039 /* StepProgressBar.swift in Sources */ = {isa = PBXBuildFile; fileRef = 456744D560C03FD857118347 /* StepProgressBar.swift */; };
		E60540EDAE2B1C02FE942967 /* TemplateLibrary.swift in Sources */ = {isa = PBXBuildFile; fileRef = 0B4EB3FF702C55572A1A3DA0 /* TemplateLibrary.swift */; };
		E8CA330BA5E4268BC3E03BA4 /* AspectRatio.swift in Sources */ = {isa = PBXBuildFile; fileRef = 4C085DEEA61D0B6B26BA0AEF /* AspectRatio.swift */; };
		EBFAD93E52119F13D747BE9D /* iCloudRequiredView.swift in Sources */ = {isa = PBXBuildFile; fileRef = 184D25D42BAC7CE7B252BF86 /* iCloudRequiredView.swift */; };
		EC20C5F38B04D32B74B3626E /* HomeView.swift in Sources */ = {isa = PBXBuildFile; fileRef = 8D909C2791FE2A8700E30AA4 /* HomeView.swift */; };
		ED0F296CFA04BC4D351C95DE /* OnboardingContainerView.swift in Sources */ = {isa = PBXBuildFile; fileRef = A5BF0DFD9D644CED8D1DC591 /* OnboardingContainerView.swift */; };
		F0B7A6CC4ABD2C702068AE49 /* TemplatePreviewView.swift in Sources */ = {isa = PBXBuildFile; fileRef = 10FCE45EBD805D38DC2CB792 /* TemplatePreviewView.swift */; };
		F0EFFA9DAEAE066B03059A00 /* OutputSettings.swift in Sources */ = {isa = PBXBuildFile; fileRef = 7753024C905464D110F059D5 /* OutputSettings.swift */; };
		F315B5B3E510D452B864EFA8 /* MoodStepView.swift in Sources */ = {isa = PBXBuildFile; fileRef = F7A5464C24F5B8B13D097698 /* MoodStepView.swift */; };
		F698469DE0F1EF731F03ACB7 /* QRCodeService.swift in Sources */ = {isa = PBXBuildFile; fileRef = 0BF8F3456115A7D92EB1F149 /* QRCodeService.swift */; };
		F927960154E78DFB295870BA /* QRCodeStepView.swift in Sources */ = {isa = PBXBuildFile; fileRef = ABD932742A9E1DC6131CEFEE /* QRCodeStepView.swift */; };
/* End PBXBuildFile section */

/* Begin PBXFileReference section */
		02FE6F65315FE96A35C34223 /* FlyerCategory.swift */ = {isa = PBXFileReference; lastKnownFileType = sourcecode.swift; path = FlyerCategory.swift; sourceTree = "<group>"; };
		06A2021DD0B02DD6E91E8438 /* FormatStepView.swift */ = {isa = PBXFileReference; lastKnownFileType = sourcecode.swift; path = FormatStepView.swift; sourceTree = "<group>"; };
		0B3C4ECDD1E3D317F67F2CE0 /* ColorSchemePreset.swift */ = {isa = PBXFileReference; lastKnownFileType = sourcecode.swift; path = ColorSchemePreset.swift; sourceTree = "<group>"; };
		0B4EB3FF702C55572A1A3DA0 /* TemplateLibrary.swift */ = {isa = PBXFileReference; lastKnownFileType = sourcecode.swift; path = TemplateLibrary.swift; sourceTree = "<group>"; };
		0BF8F3456115A7D92EB1F149 /* QRCodeService.swift */ = {isa = PBXFileReference; lastKnownFileType = sourcecode.swift; path = QRCodeService.swift; sourceTree = "<group>"; };
		0D3E46940C3FF0B96D5406A0 /* FlyGenProducts.storekit */ = {isa = PBXFileReference; lastKnownFileType = text; path = FlyGenProducts.storekit; sourceTree = "<group>"; };
		10FCE45EBD805D38DC2CB792 /* TemplatePreviewView.swift */ = {isa = PBXFileReference; lastKnownFileType = sourcecode.swift; path = TemplatePreviewView.swift; sourceTree = "<group>"; };
		12BBCEF15B2AF34A5A490D50 /* DynamicTextField.swift */ = {isa = PBXFileReference; lastKnownFileType = sourcecode.swift; path = DynamicTextField.swift; sourceTree = "<group>"; };
		1391F54EAEC68ADFEF21B253 /* CategoryPreferencesScreen.swift */ = {isa = PBXFileReference; includeInIndex = 1; lastKnownFileType = sourcecode.swift; path = CategoryPreferencesScreen.swift; sourceTree = "<group>"; };
		181849BBD35235AF52FED857 /* FlyGen.app */ = {isa = PBXFileReference; explicitFileType = wrapper.application; includeInIndex = 0; path = FlyGen.app; sourceTree = BUILT_PRODUCTS_DIR; };
		184D25D42BAC7CE7B252BF86 /* iCloudRequiredView.swift */ = {isa = PBXFileReference; lastKnownFileType = sourcecode.swift; path = iCloudRequiredView.swift; sourceTree = "<group>"; };
		1FA816BFB754005DF233AD04 /* PromptDescriptors.swift */ = {isa = PBXFileReference; lastKnownFileType = sourcecode.swift; path = PromptDescriptors.swift; sourceTree = "<group>"; };
		22AD3ED9139C2DCCA31C6A01 /* VisualSettings.swift */ = {isa = PBXFileReference; lastKnownFileType = sourcecode.swift; path = VisualSettings.swift; sourceTree = "<group>"; };
		28384D20DBD9AA54F572AFFC /* HomeTab.swift */ = {isa = PBXFileReference; lastKnownFileType = sourcecode.swift; path = HomeTab.swift; sourceTree = "<group>"; };
		3302C6C00520142F3A090D56 /* LanguagePreferencesScreen.swift */ = {isa = PBXFileReference; includeInIndex = 1; lastKnownFileType = sourcecode.swift; path = LanguagePreferencesScreen.swift; sourceTree = "<group>"; };
		340B5206B7FAD148FFC4FA90 /* Mood.swift */ = {isa = PBXFileReference; lastKnownFileType = sourcecode.swift; path = Mood.swift; sourceTree = "<group>"; };
		37D0B5EC3F09F5173CDBA3CE /* GenerationView.swift */ = {isa = PBXFileReference; lastKnownFileType = sourcecode.swift; path = GenerationView.swift; sourceTree = "<group>"; };
		406E392633E0FE2FA6DCA496 /* GalleryTab.swift */ = {isa = PBXFileReference; lastKnownFileType = sourcecode.swift; path = GalleryTab.swift; sourceTree = "<group>"; };
		456744D560C03FD857118347 /* StepProgressBar.swift */ = {isa = PBXFileReference; lastKnownFileType = sourcecode.swift; path = StepProgressBar.swift; sourceTree = "<group>"; };
		48A766390A874ED2612B3679 /* CreationFlowView.swift */ = {isa = PBXFileReference; lastKnownFileType = sourcecode.swift; path = CreationFlowView.swift; sourceTree = "<group>"; };
		4C085DEEA61D0B6B26BA0AEF /* AspectRatio.swift */ = {isa = PBXFileReference; lastKnownFileType = sourcecode.swift; path = AspectRatio.swift; sourceTree = "<group>"; };
		4F62F08E46FF0DE6F50F5350 /* TextProminence.swift */ = {isa = PBXFileReference; lastKnownFileType = sourcecode.swift; path = TextProminence.swift; sourceTree = "<group>"; };
		59D15DB4DE5A14E48E823DB9 /* SampleShowcaseScreen.swift */ = {isa = PBXFileReference; includeInIndex = 1; lastKnownFileType = sourcecode.swift; path = SampleShowcaseScreen.swift; sourceTree = "<group>"; };
		5B19FB9D5DD3973FDEA7EABC /* ImageryType.swift */ = {isa = PBXFileReference; lastKnownFileType = sourcecode.swift; path = ImageryType.swift; sourceTree = "<group>"; };
		5B77BF34CD3B703956CC91DE /* SettingsView.swift */ = {isa = PBXFileReference; lastKnownFileType = sourcecode.swift; path = SettingsView.swift; sourceTree = "<group>"; };
		64F969BABBE5624EFD6A441E /* FlyGenApp.swift */ = {isa = PBXFileReference; lastKnownFileType = sourcecode.swift; path = FlyGenApp.swift; sourceTree = "<group>"; };
		68824529B837896DBABCE0F2 /* VisualStyle.swift */ = {isa = PBXFileReference; lastKnownFileType = sourcecode.swift; path = VisualStyle.swift; sourceTree = "<group>"; };
		6A59507810937320A7BE5896 /* CategoryConfiguration.swift */ = {isa = PBXFileReference; lastKnownFileType = sourcecode.swift; path = CategoryConfiguration.swift; sourceTree = "<group>"; };
		6B0CABCF6AF8194D73A15FAB /* SampleLoadingScreen.swift */ = {isa = PBXFileReference; includeInIndex = 1; lastKnownFileType = sourcecode.swift; name = SampleLoadingScreen.swift; path = SampleLoadingScreen.swift; sourceTree = "<group>"; };
		6C0B42D66AE1AED299093D64 /* CategoryStepView.swift */ = {isa = PBXFileReference; lastKnownFileType = sourcecode.swift; path = CategoryStepView.swift; sourceTree = "<group>"; };
		730206EB978BE7E39383D4E7 /* Color+Hex.swift */ = {isa = PBXFileReference; lastKnownFileType = sourcecode.swift; path = "Color+Hex.swift"; sourceTree = "<group>"; };
		7753024C905464D110F059D5 /* OutputSettings.swift */ = {isa = PBXFileReference; lastKnownFileType = sourcecode.swift; path = OutputSettings.swift; sourceTree = "<group>"; };
		7B6788CB5BD9273879C5F53E /* FlyGen.entitlements */ = {isa = PBXFileReference; lastKnownFileType = text.plist.entitlements; path = FlyGen.entitlements; sourceTree = "<group>"; };
		7C61A47D28D08C6960017130 /* PhotoLibraryService.swift */ = {isa = PBXFileReference; lastKnownFileType = sourcecode.swift; path = PhotoLibraryService.swift; sourceTree = "<group>"; };
		802D02689D38132C24042AFA /* ColorsStepView.swift */ = {isa = PBXFileReference; lastKnownFileType = sourcecode.swift; path = ColorsStepView.swift; sourceTree = "<group>"; };
		827EC63DDC6A4957895A8B11 /* QRCodeSettings.swift */ = {isa = PBXFileReference; lastKnownFileType = sourcecode.swift; path = QRCodeSettings.swift; sourceTree = "<group>"; };
		898F624DFE2689054E2A708A /* FlyerCreationViewModel.swift */ = {isa = PBXFileReference; lastKnownFileType = sourcecode.swift; path = FlyerCreationViewModel.swift; sourceTree = "<group>"; };
		8B634CC343D768DCA67B127B /* TemplatePickerView.swift */ = {isa = PBXFileReference; lastKnownFileType = sourcecode.swift; path = TemplatePickerView.swift; sourceTree = "<group>"; };
		8BD5EFEA2EE8CF7C00D38B1B /* ScheduleEntriesField.swift */ = {isa = PBXFileReference; lastKnownFileType = sourcecode.swift; path = ScheduleEntriesField.swift; sourceTree = "<group>"; };
		8BE98D192EE5FA3A005A4DC3 /* ai-generation-magic.json */ = {isa = PBXFileReference; lastKnownFileType = text.json; path = "ai-generation-magic.json"; sourceTree = "<group>"; };
		8BE98D1A2EE5FA3A005A4DC3 /* welcome-flyer.json */ = {isa = PBXFileReference; lastKnownFileType = text.json; path = "welcome-flyer.json"; sourceTree = "<group>"; };
		8BE98D1B2EE5FA3A005A4DC3 /* workflow-categories.json */ = {isa = PBXFileReference; lastKnownFileType = text.json; path = "workflow-categories.json"; sourceTree = "<group>"; };
		8BE98D1C2EE5FA3A005A4DC3 /* workflow-styles.json */ = {isa = PBXFileReference; lastKnownFileType = text.json; path = "workflow-styles.json"; sourceTree = "<group>"; };
		8BE98D232EE5FA3A005A4DC3 /* onboarding-category.json */ = {isa = PBXFileReference; lastKnownFileType = text.json; path = "onboarding-category.json"; sourceTree = "<group>"; };
		8BE98D252EE5FA3A005A4DC3 /* onboarding-text.json */ = {isa = PBXFileReference; lastKnownFileType = text.json; path = "onboarding-text.json"; sourceTree = "<group>"; };
		8BE98D272EE5FA3A005A4DC3 /* onboarding-logo.json */ = {isa = PBXFileReference; lastKnownFileType = text.json; path = "onboarding-logo.json"; sourceTree = "<group>"; };
		8BE98D292EE5FA3A005A4DC3 /* onboarding-qrcode.json */ = {isa = PBXFileReference; lastKnownFileType = text.json; path = "onboarding-qrcode.json"; sourceTree = "<group>"; };
		8BE98D2B2EE5FA3A005A4DC3 /* onboarding-colors.json */ = {isa = PBXFileReference; lastKnownFileType = text.json; path = "onboarding-colors.json"; sourceTree = "<group>"; };
		8BE98D2D2EE5FA3A005A4DC3 /* onboarding-ready.json */ = {isa = PBXFileReference; lastKnownFileType = text.json; path = "onboarding-ready.json"; sourceTree = "<group>"; };
		8BF224AE2EE5FE9700E8776A /* LottieAnimationView.swift */ = {isa = PBXFileReference; lastKnownFileType = sourcecode.swift; path = LottieAnimationView.swift; sourceTree = "<group>"; };
		8BF224AF2EE5FE9700E8776A /* MockSelectionChip.swift */ = {isa = PBXFileReference; lastKnownFileType = sourcecode.swift; path = MockSelectionChip.swift; sourceTree = "<group>"; };
		8BF224B02EE5FE9700E8776A /* OnboardingProgressIndicator.swift */ = {isa = PBXFileReference; lastKnownFileType = sourcecode.swift; path = OnboardingProgressIndicator.swift; sourceTree = "<group>"; };
		8BF224B12EE5FE9700E8776A /* OnboardingViewModel.swift */ = {isa = PBXFileReference; lastKnownFileType = sourcecode.swift; path = OnboardingViewModel.swift; sourceTree = "<group>"; };
		8BF224B32EE5FE9700E8776A /* InteractiveOnboardingView.swift */ = {isa = PBXFileReference; lastKnownFileType = sourcecode.swift; path = InteractiveOnboardingView.swift; sourceTree = "<group>"; };
		8BF224B42EE5FE9700E8776A /* AIGenerationScreen.swift */ = {isa = PBXFileReference; lastKnownFileType = sourcecode.swift; path = AIGenerationScreen.swift; sourceTree = "<group>"; };
		8BF224B52EE5FE9700E8776A /* WelcomeScreen.swift */ = {isa = PBXFileReference; lastKnownFileType = sourcecode.swift; path = WelcomeScreen.swift; sourceTree = "<group>"; };
		8BF224B62EE5FE9700E8776A /* WorkflowDemoScreen.swift */ = {isa = PBXFileReference; lastKnownFileType = sourcecode.swift; path = WorkflowDemoScreen.swift; sourceTree = "<group>"; };
		8CE5F8A345997A42000089FD /* BackgroundType.swift */ = {isa = PBXFileReference; lastKnownFileType = sourcecode.swift; path = BackgroundType.swift; sourceTree = "<group>"; };
		8D909C2791FE2A8700E30AA4 /* HomeView.swift */ = {isa = PBXFileReference; lastKnownFileType = sourcecode.swift; path = HomeView.swift; sourceTree = "<group>"; };
		91F81AFF070A145CF531597E /* ColorSettings.swift */ = {isa = PBXFileReference; lastKnownFileType = sourcecode.swift; path = ColorSettings.swift; sourceTree = "<group>"; };
		92EF130D6F0181711C3C8D15 /* ProfileTab.swift */ = {isa = PBXFileReference; lastKnownFileType = sourcecode.swift; path = ProfileTab.swift; sourceTree = "<group>"; };
		9579E2430EA7DEC2FA8D87BF /* PromptBuilder.swift */ = {isa = PBXFileReference; lastKnownFileType = sourcecode.swift; path = PromptBuilder.swift; sourceTree = "<group>"; };
		A127BBD1A88D83A876C6249C /* StoreKitService.swift */ = {isa = PBXFileReference; lastKnownFileType = sourcecode.swift; path = StoreKitService.swift; sourceTree = "<group>"; };
		A418B28EFEC046775983D673 /* Info.plist */ = {isa = PBXFileReference; lastKnownFileType = text.plist; path = Info.plist; sourceTree = "<group>"; };
		A4E86A123D7FDBB3C7C8AAEF /* TextContent.swift */ = {isa = PBXFileReference; lastKnownFileType = sourcecode.swift; path = TextContent.swift; sourceTree = "<group>"; };
		A5BF0DFD9D644CED8D1DC591 /* OnboardingContainerView.swift */ = {isa = PBXFileReference; lastKnownFileType = sourcecode.swift; path = OnboardingContainerView.swift; sourceTree = "<group>"; };
		A5F0A68F65B4BF9A1CFA475A /* NegativePrompts.swift */ = {isa = PBXFileReference; lastKnownFileType = sourcecode.swift; path = NegativePrompts.swift; sourceTree = "<group>"; };
		A94669CCDA2F09E03E777709 /* Assets.xcassets */ = {isa = PBXFileReference; lastKnownFileType = folder.assetcatalog; path = Assets.xcassets; sourceTree = "<group>"; };
		ABD932742A9E1DC6131CEFEE /* QRCodeStepView.swift */ = {isa = PBXFileReference; lastKnownFileType = sourcecode.swift; path = QRCodeStepView.swift; sourceTree = "<group>"; };
		B5E794700C37A8E743419C16 /* ReviewService.swift */ = {isa = PBXFileReference; includeInIndex = 1; lastKnownFileType = sourcecode.swift; path = ReviewService.swift; sourceTree = "<group>"; };
		BAF6F1696F9CC685DEFECA3D /* VisualStyleStepView.swift */ = {isa = PBXFileReference; lastKnownFileType = sourcecode.swift; path = VisualStyleStepView.swift; sourceTree = "<group>"; };
		BB00000000000001 /* FGColors.swift */ = {isa = PBXFileReference; lastKnownFileType = sourcecode.swift; path = FGColors.swift; sourceTree = "<group>"; };
		BB00000000000002 /* FGTypography.swift */ = {isa = PBXFileReference; lastKnownFileType = sourcecode.swift; path = FGTypography.swift; sourceTree = "<group>"; };
		BB00000000000003 /* FGSpacing.swift */ = {isa = PBXFileReference; lastKnownFileType = sourcecode.swift; path = FGSpacing.swift; sourceTree = "<group>"; };
		BB00000000000004 /* FGGradients.swift */ = {isa = PBXFileReference; lastKnownFileType = sourcecode.swift; path = FGGradients.swift; sourceTree = "<group>"; };
		BB00000000000005 /* FGAnimations.swift */ = {isa = PBXFileReference; lastKnownFileType = sourcecode.swift; path = FGAnimations.swift; sourceTree = "<group>"; };
		BB00000000000006 /* FGTooltip.swift */ = {isa = PBXFileReference; lastKnownFileType = sourcecode.swift; path = FGTooltip.swift; sourceTree = "<group>"; };
		BB00000000000008 /* FGButtons.swift */ = {isa = PBXFileReference; lastKnownFileType = sourcecode.swift; path = FGButtons.swift; sourceTree = "<group>"; };
		BBCREDIT000000001 /* CreditPurchaseSheet.swift */ = {isa = PBXFileReference; lastKnownFileType = sourcecode.swift; path = CreditPurchaseSheet.swift; sourceTree = "<group>"; };
		BBDRAFTSVC00001 /* DraftStorageService.swift */ = {isa = PBXFileReference; lastKnownFileType = sourcecode.swift; path = DraftStorageService.swift; sourceTree = "<group>"; };
		BBEXPANDEDTEXT001 /* ExpandedTextEditorSheet.swift */ = {isa = PBXFileReference; lastKnownFileType = sourcecode.swift; path = ExpandedTextEditorSheet.swift; sourceTree = "<group>"; };
		BBEXPLORE00000001 /* ExploreTab.swift */ = {isa = PBXFileReference; lastKnownFileType = sourcecode.swift; path = ExploreTab.swift; sourceTree = "<group>"; };
		BBINTENT0000001 /* Intent.swift */ = {isa = PBXFileReference; lastKnownFileType = sourcecode.swift; path = Intent.swift; sourceTree = "<group>"; };
		BBNEWOFFER00001 /* NewUserOfferSheet.swift */ = {isa = PBXFileReference; lastKnownFileType = sourcecode.swift; path = NewUserOfferSheet.swift; sourceTree = "<group>"; };
		BBOUTPUTTYPE00001 /* OutputType.swift */ = {isa = PBXFileReference; lastKnownFileType = sourcecode.swift; path = OutputType.swift; sourceTree = "<group>"; };
		BBSAMPLEFLYER0001 /* SampleFlyer.swift */ = {isa = PBXFileReference; lastKnownFileType = sourcecode.swift; path = SampleFlyer.swift; sourceTree = "<group>"; };
		BBSAMPLELIB00001 /* SampleLibrary.swift */ = {isa = PBXFileReference; lastKnownFileType = sourcecode.swift; path = SampleLibrary.swift; sourceTree = "<group>"; };
		BBSEASONAL00001 /* SeasonalOccasion.swift */ = {isa = PBXFileReference; lastKnownFileType = sourcecode.swift; path = SeasonalOccasion.swift; sourceTree = "<group>"; };
		BD83E70692A589F8678D5A0D /* ResultView.swift */ = {isa = PBXFileReference; lastKnownFileType = sourcecode.swift; path = ResultView.swift; sourceTree = "<group>"; };
		BF2FFDC8FE9FB5A25AA9DC55 /* RefinementBuilder.swift */ = {isa = PBXFileReference; lastKnownFileType = sourcecode.swift; path = RefinementBuilder.swift; sourceTree = "<group>"; };
		C751A204A7CDA258A17B6A21 /* ReviewStepView.swift */ = {isa = PBXFileReference; lastKnownFileType = sourcecode.swift; path = ReviewStepView.swift; sourceTree = "<group>"; };
		CEB654DCA88FF679FBEFB358 /* RefinementSheet.swift */ = {isa = PBXFileReference; lastKnownFileType = sourcecode.swift; path = RefinementSheet.swift; sourceTree = "<group>"; };
		D77094514BDAD21090480D3A /* CloudKitService.swift */ = {isa = PBXFileReference; lastKnownFileType = sourcecode.swift; path = CloudKitService.swift; sourceTree = "<group>"; };
		DE68BC1381C77E543EAE2C81 /* SuggestionService.swift */ = {isa = PBXFileReference; includeInIndex = 1; lastKnownFileType = sourcecode.swift; path = SuggestionService.swift; sourceTree = "<group>"; };
		E1031905BEC715F64F5957DC /* ContentView.swift */ = {isa = PBXFileReference; lastKnownFileType = sourcecode.swift; path = ContentView.swift; sourceTree = "<group>"; };
		E8B8C8492F364170AB2291CB /* NotificationService.swift */ = {isa = PBXFileReference; includeInIndex = 1; lastKnownFileType = sourcecode.swift; path = NotificationService.swift; sourceTree = "<group>"; };
		EB04130801C20BE11F94D733 /* TextContentStepView.swift */ = {isa = PBXFileReference; lastKnownFileType = sourcecode.swift; path = TextContentStepView.swift; sourceTree = "<group>"; };
		EDBC65359BBD8F17309A355E /* FlyerProject.swift */ = {isa = PBXFileReference; lastKnownFileType = sourcecode.swift; path = FlyerProject.swift; sourceTree = "<group>"; };
		F6E4BF8C2207C43A1E6C895F /* SelectionCard.swift */ = {isa = PBXFileReference; lastKnownFileType = sourcecode.swift; path = SelectionCard.swift; sourceTree = "<group>"; };
		F7A5464C24F5B8B13D097698 /* MoodStepView.swift */ = {isa = PBXFileReference; lastKnownFileType = sourcecode.swift; path = MoodStepView.swift; sourceTree = "<group>"; };
		F8CD1653EE523C3DC3B07690 /* SavedFlyer.swift */ = {isa = PBXFileReference; lastKnownFileType = sourcecode.swift; path = SavedFlyer.swift; sourceTree = "<group>"; };
		FA2585C5073F35A6470775B3 /* ExtrasStepView.swift */ = {isa = PBXFileReference; lastKnownFileType = sourcecode.swift; path = ExtrasStepView.swift; sourceTree = "<group>"; };
		FB709BFEED3D9A7E60798343 /* UserProfile.swift */ = {isa = PBXFileReference; lastKnownFileType = sourcecode.swift; path = UserProfile.swift; sourceTree = "<group>"; };
		FC1056727B410D483D6F9ADD /* OpenRouterService.swift */ = {isa = PBXFileReference; lastKnownFileType = sourcecode.swift; path = OpenRouterService.swift; sourceTree = "<group>"; };
		FCFDACA03D378A28BF9670D9 /* FlyerTemplate.swift */ = {isa = PBXFileReference; lastKnownFileType = sourcecode.swift; path = FlyerTemplate.swift; sourceTree = "<group>"; };
		LANG00000000000001 /* Language.swift */ = {isa = PBXFileReference; lastKnownFileType = sourcecode.swift; path = Language.swift; sourceTree = "<group>"; };
/* End PBXFileReference section */

/* Begin PBXFrameworksBuildPhase section */
		8B31641E2EE5FD0000996E8A /* Frameworks */ = {
			isa = PBXFrameworksBuildPhase;
			buildActionMask = 2147483647;
			files = (
				8BD5EFE72EE8CA9800D38B1B /* Lottie in Frameworks */,
			);
			runOnlyForDeploymentPostprocessing = 0;
		};
/* End PBXFrameworksBuildPhase section */

/* Begin PBXGroup section */
		049AA4220C8F3787C3DDF5E0 /* Onboarding */ = {
			isa = PBXGroup;
			children = (
				8BF224B22EE5FE9700E8776A /* Components */,
				8BF224B32EE5FE9700E8776A /* InteractiveOnboardingView.swift */,
				8BF224B72EE5FE9700E8776A /* Screens */,
				A5BF0DFD9D644CED8D1DC591 /* OnboardingContainerView.swift */,
			);
			path = Onboarding;
			sourceTree = "<group>";
		};
		1864AE8D955C413A93B4C1E1 /* Result */ = {
			isa = PBXGroup;
			children = (
				CEB654DCA88FF679FBEFB358 /* RefinementSheet.swift */,
				BD83E70692A589F8678D5A0D /* ResultView.swift */,
			);
			path = Result;
			sourceTree = "<group>";
		};
		2605283C83C2130F4FC196CC /* Creation */ = {
			isa = PBXGroup;
			children = (
				6C0B42D66AE1AED299093D64 /* CategoryStepView.swift */,
				802D02689D38132C24042AFA /* ColorsStepView.swift */,
				48A766390A874ED2612B3679 /* CreationFlowView.swift */,
				FA2585C5073F35A6470775B3 /* ExtrasStepView.swift */,
				06A2021DD0B02DD6E91E8438 /* FormatStepView.swift */,
				F7A5464C24F5B8B13D097698 /* MoodStepView.swift */,
				ABD932742A9E1DC6131CEFEE /* QRCodeStepView.swift */,
				C751A204A7CDA258A17B6A21 /* ReviewStepView.swift */,
				EB04130801C20BE11F94D733 /* TextContentStepView.swift */,
				BAF6F1696F9CC685DEFECA3D /* VisualStyleStepView.swift */,
			);
			path = Creation;
			sourceTree = "<group>";
		};
		2C70975201A47B834F8B9AD4 /* FlyGen */ = {
			isa = PBXGroup;
			children = (
				7B6788CB5BD9273879C5F53E /* FlyGen.entitlements */,
				A418B28EFEC046775983D673 /* Info.plist */,
				BFF65681DBA364345778D661 /* App */,
				BE6D9C68403AF260D1BA5CEB /* Data */,
				D27781E8D031FA2B262F53A2 /* Extensions */,
				D9889B5D1274828936CDC9DA /* Models */,
				40B235A7DF6FC723BA67FF11 /* Resources */,
				DB7D251A6A98755E7864B64A /* Services */,
				CC00000000000001 /* Theme */,
				CDCCF619B69E81FA099D4AF7 /* ViewModels */,
				71E5C35B572C53DB9D271188 /* Views */,
			);
			path = FlyGen;
			sourceTree = "<group>";
		};
		37B486BD64EA5BB283BD2145 /* Enums */ = {
			isa = PBXGroup;
			children = (
				4C085DEEA61D0B6B26BA0AEF /* AspectRatio.swift */,
				8CE5F8A345997A42000089FD /* BackgroundType.swift */,
				0B3C4ECDD1E3D317F67F2CE0 /* ColorSchemePreset.swift */,
				02FE6F65315FE96A35C34223 /* FlyerCategory.swift */,
				5B19FB9D5DD3973FDEA7EABC /* ImageryType.swift */,
				BBINTENT0000001 /* Intent.swift */,
				BBOUTPUTTYPE00001 /* OutputType.swift */,
				340B5206B7FAD148FFC4FA90 /* Mood.swift */,
				4F62F08E46FF0DE6F50F5350 /* TextProminence.swift */,
				68824529B837896DBABCE0F2 /* VisualStyle.swift */,
			);
			path = Enums;
			sourceTree = "<group>";
		};
		3E2453B6DBB44B211E937F92 /* PromptBuilder */ = {
			isa = PBXGroup;
			children = (
				A5F0A68F65B4BF9A1CFA475A /* NegativePrompts.swift */,
				9579E2430EA7DEC2FA8D87BF /* PromptBuilder.swift */,
				1FA816BFB754005DF233AD04 /* PromptDescriptors.swift */,
				BF2FFDC8FE9FB5A25AA9DC55 /* RefinementBuilder.swift */,
			);
			path = PromptBuilder;
			sourceTree = "<group>";
		};
		40B235A7DF6FC723BA67FF11 /* Resources */ = {
			isa = PBXGroup;
			children = (
				8BE98D1D2EE5FA3A005A4DC3 /* Animations */,
				A94669CCDA2F09E03E777709 /* Assets.xcassets */,
				0D3E46940C3FF0B96D5406A0 /* FlyGenProducts.storekit */,
			);
			path = Resources;
			sourceTree = "<group>";
		};
		4E2D5534FBA07A8ED01D9808 = {
			isa = PBXGroup;
			children = (
				2C70975201A47B834F8B9AD4 /* FlyGen */,
				F2F620B4FCB372C92181B0CF /* Products */,
			);
			sourceTree = "<group>";
		};
		71E5C35B572C53DB9D271188 /* Views */ = {
			isa = PBXGroup;
			children = (
				184D25D42BAC7CE7B252BF86 /* iCloudRequiredView.swift */,
				98953C86D335F62757263E61 /* Components */,
				2605283C83C2130F4FC196CC /* Creation */,
				E4F5D4AD1FA45D96A13F57F6 /* Generation */,
				F193179322040C4BCCFDF3E9 /* Home */,
				049AA4220C8F3787C3DDF5E0 /* Onboarding */,
				1864AE8D955C413A93B4C1E1 /* Result */,
				E2C5627C1AABFC8475D0FCA8 /* Settings */,
				CCSHEETS00000001 /* Sheets */,
				91598030DADD7061BC0F47D8 /* Tabs */,
				DA9DFA3FF6290234875BE285 /* Templates */,
			);
			path = Views;
			sourceTree = "<group>";
		};
		8BE98D1D2EE5FA3A005A4DC3 /* Animations */ = {
			isa = PBXGroup;
			children = (
				8BE98D192EE5FA3A005A4DC3 /* ai-generation-magic.json */,
				8BE98D232EE5FA3A005A4DC3 /* onboarding-category.json */,
				8BE98D2B2EE5FA3A005A4DC3 /* onboarding-colors.json */,
				8BE98D272EE5FA3A005A4DC3 /* onboarding-logo.json */,
				8BE98D292EE5FA3A005A4DC3 /* onboarding-qrcode.json */,
				8BE98D2D2EE5FA3A005A4DC3 /* onboarding-ready.json */,
				8BE98D252EE5FA3A005A4DC3 /* onboarding-text.json */,
				8BE98D1A2EE5FA3A005A4DC3 /* welcome-flyer.json */,
				8BE98D1B2EE5FA3A005A4DC3 /* workflow-categories.json */,
				8BE98D1C2EE5FA3A005A4DC3 /* workflow-styles.json */,
			);
			path = Animations;
			sourceTree = "<group>";
		};
		8BF224B22EE5FE9700E8776A /* Components */ = {
			isa = PBXGroup;
			children = (
				8BF224AE2EE5FE9700E8776A /* LottieAnimationView.swift */,
				8BF224AF2EE5FE9700E8776A /* MockSelectionChip.swift */,
				8BF224B02EE5FE9700E8776A /* OnboardingProgressIndicator.swift */,
				8BF224B12EE5FE9700E8776A /* OnboardingViewModel.swift */,
			);
			path = Components;
			sourceTree = "<group>";
		};
		8BF224B72EE5FE9700E8776A /* Screens */ = {
			isa = PBXGroup;
			children = (
				8BF224B42EE5FE9700E8776A /* AIGenerationScreen.swift */,
				8BF224B52EE5FE9700E8776A /* WelcomeScreen.swift */,
				8BF224B62EE5FE9700E8776A /* WorkflowDemoScreen.swift */,
				1391F54EAEC68ADFEF21B253 /* CategoryPreferencesScreen.swift */,
				59D15DB4DE5A14E48E823DB9 /* SampleShowcaseScreen.swift */,
				3302C6C00520142F3A090D56 /* LanguagePreferencesScreen.swift */,
				6B0CABCF6AF8194D73A15FAB /* SampleLoadingScreen.swift */,
			);
			path = Screens;
			sourceTree = "<group>";
		};
		91598030DADD7061BC0F47D8 /* Tabs */ = {
			isa = PBXGroup;
			children = (
				BBEXPLORE00000001 /* ExploreTab.swift */,
				406E392633E0FE2FA6DCA496 /* GalleryTab.swift */,
				28384D20DBD9AA54F572AFFC /* HomeTab.swift */,
				92EF130D6F0181711C3C8D15 /* ProfileTab.swift */,
			);
			path = Tabs;
			sourceTree = "<group>";
		};
		98953C86D335F62757263E61 /* Components */ = {
			isa = PBXGroup;
			children = (
				8BD5EFEA2EE8CF7C00D38B1B /* ScheduleEntriesField.swift */,
				12BBCEF15B2AF34A5A490D50 /* DynamicTextField.swift */,
				BBEXPANDEDTEXT001 /* ExpandedTextEditorSheet.swift */,
				BB00000000000008 /* FGButtons.swift */,
				BB00000000000006 /* FGTooltip.swift */,
				F6E4BF8C2207C43A1E6C895F /* SelectionCard.swift */,
				456744D560C03FD857118347 /* StepProgressBar.swift */,
			);
			path = Components;
			sourceTree = "<group>";
		};
		ACC1727E2B16FC554D251FA6 /* ImageGeneration */ = {
			isa = PBXGroup;
			children = (
				FC1056727B410D483D6F9ADD /* OpenRouterService.swift */,
			);
			path = ImageGeneration;
			sourceTree = "<group>";
		};
		BE6D9C68403AF260D1BA5CEB /* Data */ = {
			isa = PBXGroup;
			children = (
				BBSAMPLELIB00001 /* SampleLibrary.swift */,
				0B4EB3FF702C55572A1A3DA0 /* TemplateLibrary.swift */,
			);
			path = Data;
			sourceTree = "<group>";
		};
		BFF65681DBA364345778D661 /* App */ = {
			isa = PBXGroup;
			children = (
				E1031905BEC715F64F5957DC /* ContentView.swift */,
				64F969BABBE5624EFD6A441E /* FlyGenApp.swift */,
			);
			path = App;
			sourceTree = "<group>";
		};
		CC00000000000001 /* Theme */ = {
			isa = PBXGroup;
			children = (
				BB00000000000001 /* FGColors.swift */,
				BB00000000000002 /* FGTypography.swift */,
				BB00000000000003 /* FGSpacing.swift */,
				BB00000000000004 /* FGGradients.swift */,
				BB00000000000005 /* FGAnimations.swift */,
			);
			path = Theme;
			sourceTree = "<group>";
		};
		CCSHEETS00000001 /* Sheets */ = {
			isa = PBXGroup;
			children = (
				BBCREDIT000000001 /* CreditPurchaseSheet.swift */,
				BBNEWOFFER00001 /* NewUserOfferSheet.swift */,
			);
			path = Sheets;
			sourceTree = "<group>";
		};
		CDCCF619B69E81FA099D4AF7 /* ViewModels */ = {
			isa = PBXGroup;
			children = (
				898F624DFE2689054E2A708A /* FlyerCreationViewModel.swift */,
			);
			path = ViewModels;
			sourceTree = "<group>";
		};
		D27781E8D031FA2B262F53A2 /* Extensions */ = {
			isa = PBXGroup;
			children = (
				730206EB978BE7E39383D4E7 /* Color+Hex.swift */,
			);
			path = Extensions;
			sourceTree = "<group>";
		};
		D9889B5D1274828936CDC9DA /* Models */ = {
			isa = PBXGroup;
			children = (
				6A59507810937320A7BE5896 /* CategoryConfiguration.swift */,
				91F81AFF070A145CF531597E /* ColorSettings.swift */,
				EDBC65359BBD8F17309A355E /* FlyerProject.swift */,
				FCFDACA03D378A28BF9670D9 /* FlyerTemplate.swift */,
				LANG00000000000001 /* Language.swift */,
				7753024C905464D110F059D5 /* OutputSettings.swift */,
				827EC63DDC6A4957895A8B11 /* QRCodeSettings.swift */,
				BBSAMPLEFLYER0001 /* SampleFlyer.swift */,
				F8CD1653EE523C3DC3B07690 /* SavedFlyer.swift */,
				BBSEASONAL00001 /* SeasonalOccasion.swift */,
				A4E86A123D7FDBB3C7C8AAEF /* TextContent.swift */,
				FB709BFEED3D9A7E60798343 /* UserProfile.swift */,
				22AD3ED9139C2DCCA31C6A01 /* VisualSettings.swift */,
				37B486BD64EA5BB283BD2145 /* Enums */,
			);
			path = Models;
			sourceTree = "<group>";
		};
		DA9DFA3FF6290234875BE285 /* Templates */ = {
			isa = PBXGroup;
			children = (
				8B634CC343D768DCA67B127B /* TemplatePickerView.swift */,
				10FCE45EBD805D38DC2CB792 /* TemplatePreviewView.swift */,
			);
			path = Templates;
			sourceTree = "<group>";
		};
		DB7D251A6A98755E7864B64A /* Services */ = {
			isa = PBXGroup;
			children = (
				D77094514BDAD21090480D3A /* CloudKitService.swift */,
				BBDRAFTSVC00001 /* DraftStorageService.swift */,
				7C61A47D28D08C6960017130 /* PhotoLibraryService.swift */,
				0BF8F3456115A7D92EB1F149 /* QRCodeService.swift */,
				A127BBD1A88D83A876C6249C /* StoreKitService.swift */,
				ACC1727E2B16FC554D251FA6 /* ImageGeneration */,
				3E2453B6DBB44B211E937F92 /* PromptBuilder */,
				B5E794700C37A8E743419C16 /* ReviewService.swift */,
				E8B8C8492F364170AB2291CB /* NotificationService.swift */,
				DE68BC1381C77E543EAE2C81 /* SuggestionService.swift */,
			);
			path = Services;
			sourceTree = "<group>";
		};
		E2C5627C1AABFC8475D0FCA8 /* Settings */ = {
			isa = PBXGroup;
			children = (
				5B77BF34CD3B703956CC91DE /* SettingsView.swift */,
			);
			path = Settings;
			sourceTree = "<group>";
		};
		E4F5D4AD1FA45D96A13F57F6 /* Generation */ = {
			isa = PBXGroup;
			children = (
				37D0B5EC3F09F5173CDBA3CE /* GenerationView.swift */,
			);
			path = Generation;
			sourceTree = "<group>";
		};
		F193179322040C4BCCFDF3E9 /* Home */ = {
			isa = PBXGroup;
			children = (
				8D909C2791FE2A8700E30AA4 /* HomeView.swift */,
			);
			path = Home;
			sourceTree = "<group>";
		};
		F2F620B4FCB372C92181B0CF /* Products */ = {
			isa = PBXGroup;
			children = (
				181849BBD35235AF52FED857 /* FlyGen.app */,
			);
			name = Products;
			sourceTree = "<group>";
		};
/* End PBXGroup section */

/* Begin PBXNativeTarget section */
		4B5E0270EBC0A6389813315B /* FlyGen */ = {
			isa = PBXNativeTarget;
			buildConfigurationList = D1E8A9682B8FAB3784CE191F /* Build configuration list for PBXNativeTarget "FlyGen" */;
			buildPhases = (
				DECB6972F933D230AC6D2BCF /* Sources */,
				8B31641E2EE5FD0000996E8A /* Frameworks */,
				74A44A3591A94CD0FC197204 /* Resources */,
			);
			buildRules = (
			);
			dependencies = (
			);
			name = FlyGen;
			packageProductDependencies = (
				8B31641C2EE5FCF300996E8A /* Lottie */,
			);
			productName = FlyGen;
			productReference = 181849BBD35235AF52FED857 /* FlyGen.app */;
			productType = "com.apple.product-type.application";
		};
/* End PBXNativeTarget section */

/* Begin PBXProject section */
		C7D4720515CD4E13086217E0 /* Project object */ = {
			isa = PBXProject;
			attributes = {
				BuildIndependentTargetsInParallel = YES;
				LastUpgradeCheck = 1500;
			};
			buildConfigurationList = C6788FC10FBFC33B6345EFC3 /* Build configuration list for PBXProject "FlyGen" */;
			compatibilityVersion = "Xcode 14.0";
			developmentRegion = en;
			hasScannedForEncodings = 0;
			knownRegions = (
				Base,
				en,
			);
			mainGroup = 4E2D5534FBA07A8ED01D9808;
			minimizedProjectReferenceProxies = 1;
			packageReferences = (
				8B31641B2EE5FCF300996E8A /* XCRemoteSwiftPackageReference "lottie-ios" */,
			);
			productRefGroup = F2F620B4FCB372C92181B0CF /* Products */;
			projectDirPath = "";
			projectRoot = "";
			targets = (
				4B5E0270EBC0A6389813315B /* FlyGen */,
			);
		};
/* End PBXProject section */

/* Begin PBXResourcesBuildPhase section */
		74A44A3591A94CD0FC197204 /* Resources */ = {
			isa = PBXResourcesBuildPhase;
			buildActionMask = 2147483647;
			files = (
				A94C20959D4B1E18DE3859D7 /* Assets.xcassets in Resources */,
				8BE98D1E2EE5FA3A005A4DC3 /* workflow-styles.json in Resources */,
				8BE98D1F2EE5FA3A005A4DC3 /* workflow-categories.json in Resources */,
				8BE98D202EE5FA3A005A4DC3 /* ai-generation-magic.json in Resources */,
				8BE98D212EE5FA3A005A4DC3 /* welcome-flyer.json in Resources */,
				8BE98D222EE5FA3A005A4DC3 /* onboarding-category.json in Resources */,
				8BE98D242EE5FA3A005A4DC3 /* onboarding-text.json in Resources */,
				8BE98D262EE5FA3A005A4DC3 /* onboarding-logo.json in Resources */,
				8BE98D282EE5FA3A005A4DC3 /* onboarding-qrcode.json in Resources */,
				8BE98D2A2EE5FA3A005A4DC3 /* onboarding-colors.json in Resources */,
				8BE98D2C2EE5FA3A005A4DC3 /* onboarding-ready.json in Resources */,
				99A104086420FCC441766ECB /* FlyGenProducts.storekit in Resources */,
			);
			runOnlyForDeploymentPostprocessing = 0;
		};
/* End PBXResourcesBuildPhase section */

/* Begin PBXSourcesBuildPhase section */
		DECB6972F933D230AC6D2BCF /* Sources */ = {
			isa = PBXSourcesBuildPhase;
			buildActionMask = 2147483647;
			files = (
				E8CA330BA5E4268BC3E03BA4 /* AspectRatio.swift in Sources */,
				51A412CAA71CCC99E9905560 /* BackgroundType.swift in Sources */,
				A5629E3E2DD610E4FB277467 /* CategoryConfiguration.swift in Sources */,
				AF8A46FDD739A68963EAE7EE /* CategoryStepView.swift in Sources */,
				8BF224B82EE5FE9700E8776A /* AIGenerationScreen.swift in Sources */,
				8BF224B92EE5FE9700E8776A /* InteractiveOnboardingView.swift in Sources */,
				8BF224BA2EE5FE9700E8776A /* OnboardingViewModel.swift in Sources */,
				8BF224BB2EE5FE9700E8776A /* MockSelectionChip.swift in Sources */,
				8BF224BC2EE5FE9700E8776A /* WorkflowDemoScreen.swift in Sources */,
				8BF224BD2EE5FE9700E8776A /* LottieAnimationView.swift in Sources */,
				8BF224BE2EE5FE9700E8776A /* OnboardingProgressIndicator.swift in Sources */,
				8BF224BF2EE5FE9700E8776A /* WelcomeScreen.swift in Sources */,
				D958E07702A0C8EE2FE7C9F1 /* CloudKitService.swift in Sources */,
				AADRAFTSVC00001 /* DraftStorageService.swift in Sources */,
				277B13203FA5FBD8FC6CA8CB /* Color+Hex.swift in Sources */,
				AF18214E835F054B9D8F49AE /* ColorSchemePreset.swift in Sources */,
				162CEFDA5FFBDD64CAE60392 /* ColorSettings.swift in Sources */,
				9288B11FBCD6606AF08CDECC /* ColorsStepView.swift in Sources */,
				CFBB57982774AF66F39B14FB /* ContentView.swift in Sources */,
				C3BBCCD7150492B2AC6789A0 /* CreationFlowView.swift in Sources */,
				66727D08C7345522F2AE16F8 /* DynamicTextField.swift in Sources */,
				AAEXPANDEDTEXT001 /* ExpandedTextEditorSheet.swift in Sources */,
				0A5F72F3A177D8151F5B70D0 /* ExtrasStepView.swift in Sources */,
				99D720E6840CE49CB75168A3 /* FlyGenApp.swift in Sources */,
				8BD5EFEB2EE8CF7C00D38B1B /* ScheduleEntriesField.swift in Sources */,
				5FB2D7F993C41590103B4627 /* FlyerCategory.swift in Sources */,
				AAINTENT0000001 /* Intent.swift in Sources */,
				AAOUTPUTTYPE00001 /* OutputType.swift in Sources */,
				C1E4818D4049DED2EA4A4C4D /* FlyerCreationViewModel.swift in Sources */,
				6C12C05D86292A4CD215C4C6 /* FlyerProject.swift in Sources */,
				7AA28B261F949897D5FC2C5E /* FlyerTemplate.swift in Sources */,
				AALANG00000000001 /* Language.swift in Sources */,
				7CD3EBE906F543C25CE7093B /* FormatStepView.swift in Sources */,
				583C195202B2E418A93257F1 /* GalleryTab.swift in Sources */,
				C28748394FC9BABE59A6C1DF /* GenerationView.swift in Sources */,
				41536973C193B227050DE9A3 /* HomeTab.swift in Sources */,
				EC20C5F38B04D32B74B3626E /* HomeView.swift in Sources */,
				85E0287D14A5A7FF9C00D9EF /* ImageryType.swift in Sources */,
				DFE68A36258F14EC52666634 /* Mood.swift in Sources */,
				F315B5B3E510D452B864EFA8 /* MoodStepView.swift in Sources */,
				05236A51D1AADA5B81A322C2 /* NegativePrompts.swift in Sources */,
				ED0F296CFA04BC4D351C95DE /* OnboardingContainerView.swift in Sources */,
				1FA1B5762E86758C83CEF517 /* OpenRouterService.swift in Sources */,
				F0EFFA9DAEAE066B03059A00 /* OutputSettings.swift in Sources */,
				018C2423C0C86CE01329D1C1 /* PhotoLibraryService.swift in Sources */,
				AAEXPLORE00000001 /* ExploreTab.swift in Sources */,
				AACREDIT000000001 /* CreditPurchaseSheet.swift in Sources */,
				AANEWOFFER00001 /* NewUserOfferSheet.swift in Sources */,
				02C7FBC355F6A0B6897904C8 /* ProfileTab.swift in Sources */,
				449D883F219ADF7D2890DD16 /* PromptBuilder.swift in Sources */,
				9FC6E6C9D0FF652459D20F78 /* PromptDescriptors.swift in Sources */,
				F698469DE0F1EF731F03ACB7 /* QRCodeService.swift in Sources */,
				C1CD44B611E655EE6AE96973 /* QRCodeSettings.swift in Sources */,
				F927960154E78DFB295870BA /* QRCodeStepView.swift in Sources */,
				216C56E6B218DA5C1BF072D8 /* RefinementBuilder.swift in Sources */,
				6576A29683D25BA73B38F93B /* RefinementSheet.swift in Sources */,
				8B9444F119058A6009D3D5A0 /* ResultView.swift in Sources */,
				B1AF5D2BC6C1DEA70A386BEF /* ReviewStepView.swift in Sources */,
				D9C9D5796C668A7410E36E2D /* SavedFlyer.swift in Sources */,
				AASEASONAL00001 /* SeasonalOccasion.swift in Sources */,
				7FEF504FA9A80B345EEA6AF1 /* SelectionCard.swift in Sources */,
				3B94A4B396C8D3435B1B7036 /* SettingsView.swift in Sources */,
				E447D3471E42E86CC0D53039 /* StepProgressBar.swift in Sources */,
				95D0F8F627BD2D5768EFA97F /* StoreKitService.swift in Sources */,
				E60540EDAE2B1C02FE942967 /* TemplateLibrary.swift in Sources */,
				D94F5D6CBFCB6E78D6A0D94A /* TemplatePickerView.swift in Sources */,
				F0B7A6CC4ABD2C702068AE49 /* TemplatePreviewView.swift in Sources */,
				8EAC2A0DC868190AA6F1A97B /* TextContent.swift in Sources */,
				AF0E0F3ACA691B8747193C62 /* TextContentStepView.swift in Sources */,
				AA81BC3EDC68F5F40B236E37 /* TextProminence.swift in Sources */,
				23489EA620ACBFB14235A1C4 /* UserProfile.swift in Sources */,
				D2C34BB266AFC53E448E7757 /* VisualSettings.swift in Sources */,
				64C32D608A4EFC6C72A370D6 /* VisualStyle.swift in Sources */,
				7E5251F0DAF882D2A7170827 /* VisualStyleStepView.swift in Sources */,
				EBFAD93E52119F13D747BE9D /* iCloudRequiredView.swift in Sources */,
				AA00000000000001 /* FGColors.swift in Sources */,
				AA00000000000002 /* FGTypography.swift in Sources */,
				AA00000000000003 /* FGSpacing.swift in Sources */,
				AA00000000000004 /* FGGradients.swift in Sources */,
				AA00000000000005 /* FGAnimations.swift in Sources */,
				AA00000000000006 /* FGTooltip.swift in Sources */,
				AA00000000000008 /* FGButtons.swift in Sources */,
				5C7C3B7B30AEBC3B92E6197E /* ReviewService.swift in Sources */,
				C26FE3379FE83AE1651A5BE4 /* NotificationService.swift in Sources */,
				AASAMPLEFLYER0001 /* SampleFlyer.swift in Sources */,
				AASAMPLELIB00001 /* SampleLibrary.swift in Sources */,
				B516914BCDF12F3C699488C2 /* CategoryPreferencesScreen.swift in Sources */,
				7657D1662281381A3D0FF455 /* SampleShowcaseScreen.swift in Sources */,
				2FF9E8EF7D435EAAEF507B62 /* LanguagePreferencesScreen.swift in Sources */,
				3FE4D7FCFD945CDE9225C7FD /* SampleLoadingScreen.swift in Sources */,
				AEFA45546E3C5CFC25B13495 /* SuggestionService.swift in Sources */,
			);
			runOnlyForDeploymentPostprocessing = 0;
		};
/* End PBXSourcesBuildPhase section */

/* Begin XCBuildConfiguration section */
		1792D6CB66F603A92C5C0C79 /* Release */ = {
			isa = XCBuildConfiguration;
			buildSettings = {
				ASSETCATALOG_COMPILER_APPICON_NAME = AppIcon;
				ASSETCATALOG_COMPILER_GLOBAL_ACCENT_COLOR_NAME = AccentColor;
				CODE_SIGN_ENTITLEMENTS = FlyGen/FlyGen.entitlements;
				CODE_SIGN_IDENTITY = "iPhone Developer";
				DEVELOPMENT_TEAM = 2J2GCJ25MK;
				INFOPLIST_FILE = FlyGen/Info.plist;
				LD_RUNPATH_SEARCH_PATHS = (
					"$(inherited)",
					"@executable_path/Frameworks",
				);
				PRODUCT_BUNDLE_IDENTIFIER = com.flygen.app;
				SDKROOT = iphoneos;
				SUPPORTS_MAC_DESIGNED_FOR_IPHONE_IPAD = NO;
				TARGETED_DEVICE_FAMILY = "1,2";
			};
			name = Release;
		};
		3B952E310891DDEB69CFF67D /* Debug */ = {
			isa = XCBuildConfiguration;
			buildSettings = {
				ASSETCATALOG_COMPILER_APPICON_NAME = AppIcon;
				ASSETCATALOG_COMPILER_GLOBAL_ACCENT_COLOR_NAME = AccentColor;
				CODE_SIGN_ENTITLEMENTS = FlyGen/FlyGen.entitlements;
				CODE_SIGN_IDENTITY = "iPhone Developer";
				DEVELOPMENT_TEAM = 2J2GCJ25MK;
				INFOPLIST_FILE = FlyGen/Info.plist;
				LD_RUNPATH_SEARCH_PATHS = (
					"$(inherited)",
					"@executable_path/Frameworks",
				);
				PRODUCT_BUNDLE_IDENTIFIER = com.flygen.app;
				SDKROOT = iphoneos;
				SUPPORTS_MAC_DESIGNED_FOR_IPHONE_IPAD = NO;
				TARGETED_DEVICE_FAMILY = "1,2";
			};
			name = Debug;
		};
		6F61ED788E57894D38B1F001 /* Debug */ = {
			isa = XCBuildConfiguration;
			buildSettings = {
				ALWAYS_SEARCH_USER_PATHS = NO;
				CLANG_ANALYZER_NONNULL = YES;
				CLANG_ANALYZER_NUMBER_OBJECT_CONVERSION = YES_AGGRESSIVE;
				CLANG_CXX_LANGUAGE_STANDARD = "gnu++14";
				CLANG_CXX_LIBRARY = "libc++";
				CLANG_ENABLE_MODULES = YES;
				CLANG_ENABLE_OBJC_ARC = YES;
				CLANG_ENABLE_OBJC_WEAK = YES;
				CLANG_WARN_BLOCK_CAPTURE_AUTORELEASING = YES;
				CLANG_WARN_BOOL_CONVERSION = YES;
				CLANG_WARN_COMMA = YES;
				CLANG_WARN_CONSTANT_CONVERSION = YES;
				CLANG_WARN_DEPRECATED_OBJC_IMPLEMENTATIONS = YES;
				CLANG_WARN_DIRECT_OBJC_ISA_USAGE = YES_ERROR;
				CLANG_WARN_DOCUMENTATION_COMMENTS = YES;
				CLANG_WARN_EMPTY_BODY = YES;
				CLANG_WARN_ENUM_CONVERSION = YES;
				CLANG_WARN_INFINITE_RECURSION = YES;
				CLANG_WARN_INT_CONVERSION = YES;
				CLANG_WARN_NON_LITERAL_NULL_CONVERSION = YES;
				CLANG_WARN_OBJC_IMPLICIT_RETAIN_SELF = YES;
				CLANG_WARN_OBJC_LITERAL_CONVERSION = YES;
				CLANG_WARN_OBJC_ROOT_CLASS = YES_ERROR;
				CLANG_WARN_QUOTED_INCLUDE_IN_FRAMEWORK_HEADER = YES;
				CLANG_WARN_RANGE_LOOP_ANALYSIS = YES;
				CLANG_WARN_STRICT_PROTOTYPES = YES;
				CLANG_WARN_SUSPICIOUS_MOVE = YES;
				CLANG_WARN_UNGUARDED_AVAILABILITY = YES_AGGRESSIVE;
				CLANG_WARN_UNREACHABLE_CODE = YES;
				CLANG_WARN__DUPLICATE_METHOD_MATCH = YES;
				COPY_PHASE_STRIP = NO;
				DEBUG_INFORMATION_FORMAT = dwarf;
				DEVELOPMENT_TEAM = "";
				ENABLE_STRICT_OBJC_MSGSEND = YES;
				ENABLE_TESTABILITY = YES;
				GCC_C_LANGUAGE_STANDARD = gnu11;
				GCC_DYNAMIC_NO_PIC = NO;
				GCC_NO_COMMON_BLOCKS = YES;
				GCC_OPTIMIZATION_LEVEL = 0;
				GCC_PREPROCESSOR_DEFINITIONS = (
					"$(inherited)",
					"DEBUG=1",
				);
				GCC_WARN_64_TO_32_BIT_CONVERSION = YES;
				GCC_WARN_ABOUT_RETURN_TYPE = YES_ERROR;
				GCC_WARN_UNDECLARED_SELECTOR = YES;
				GCC_WARN_UNINITIALIZED_AUTOS = YES_AGGRESSIVE;
				GCC_WARN_UNUSED_FUNCTION = YES;
				GCC_WARN_UNUSED_VARIABLE = YES;
				IPHONEOS_DEPLOYMENT_TARGET = 17.0;
				MTL_ENABLE_DEBUG_INFO = INCLUDE_SOURCE;
				MTL_FAST_MATH = YES;
				ONLY_ACTIVE_ARCH = YES;
				PRODUCT_NAME = "$(TARGET_NAME)";
				SDKROOT = iphoneos;
				SWIFT_ACTIVE_COMPILATION_CONDITIONS = DEBUG;
				SWIFT_OPTIMIZATION_LEVEL = "-Onone";
				SWIFT_VERSION = 5.9;
			};
			name = Debug;
		};
		93099F68B343EEC3B3D1B08F /* Release */ = {
			isa = XCBuildConfiguration;
			buildSettings = {
				ALWAYS_SEARCH_USER_PATHS = NO;
				CLANG_ANALYZER_NONNULL = YES;
				CLANG_ANALYZER_NUMBER_OBJECT_CONVERSION = YES_AGGRESSIVE;
				CLANG_CXX_LANGUAGE_STANDARD = "gnu++14";
				CLANG_CXX_LIBRARY = "libc++";
				CLANG_ENABLE_MODULES = YES;
				CLANG_ENABLE_OBJC_ARC = YES;
				CLANG_ENABLE_OBJC_WEAK = YES;
				CLANG_WARN_BLOCK_CAPTURE_AUTORELEASING = YES;
				CLANG_WARN_BOOL_CONVERSION = YES;
				CLANG_WARN_COMMA = YES;
				CLANG_WARN_CONSTANT_CONVERSION = YES;
				CLANG_WARN_DEPRECATED_OBJC_IMPLEMENTATIONS = YES;
				CLANG_WARN_DIRECT_OBJC_ISA_USAGE = YES_ERROR;
				CLANG_WARN_DOCUMENTATION_COMMENTS = YES;
				CLANG_WARN_EMPTY_BODY = YES;
				CLANG_WARN_ENUM_CONVERSION = YES;
				CLANG_WARN_INFINITE_RECURSION = YES;
				CLANG_WARN_INT_CONVERSION = YES;
				CLANG_WARN_NON_LITERAL_NULL_CONVERSION = YES;
				CLANG_WARN_OBJC_IMPLICIT_RETAIN_SELF = YES;
				CLANG_WARN_OBJC_LITERAL_CONVERSION = YES;
				CLANG_WARN_OBJC_ROOT_CLASS = YES_ERROR;
				CLANG_WARN_QUOTED_INCLUDE_IN_FRAMEWORK_HEADER = YES;
				CLANG_WARN_RANGE_LOOP_ANALYSIS = YES;
				CLANG_WARN_STRICT_PROTOTYPES = YES;
				CLANG_WARN_SUSPICIOUS_MOVE = YES;
				CLANG_WARN_UNGUARDED_AVAILABILITY = YES_AGGRESSIVE;
				CLANG_WARN_UNREACHABLE_CODE = YES;
				CLANG_WARN__DUPLICATE_METHOD_MATCH = YES;
				COPY_PHASE_STRIP = NO;
				DEBUG_INFORMATION_FORMAT = "dwarf-with-dsym";
				DEVELOPMENT_TEAM = "";
				ENABLE_NS_ASSERTIONS = NO;
				ENABLE_STRICT_OBJC_MSGSEND = YES;
				GCC_C_LANGUAGE_STANDARD = gnu11;
				GCC_NO_COMMON_BLOCKS = YES;
				GCC_WARN_64_TO_32_BIT_CONVERSION = YES;
				GCC_WARN_ABOUT_RETURN_TYPE = YES_ERROR;
				GCC_WARN_UNDECLARED_SELECTOR = YES;
				GCC_WARN_UNINITIALIZED_AUTOS = YES_AGGRESSIVE;
				GCC_WARN_UNUSED_FUNCTION = YES;
				GCC_WARN_UNUSED_VARIABLE = YES;
				IPHONEOS_DEPLOYMENT_TARGET = 17.0;
				MTL_ENABLE_DEBUG_INFO = NO;
				MTL_FAST_MATH = YES;
				PRODUCT_NAME = "$(TARGET_NAME)";
				SDKROOT = iphoneos;
				SWIFT_COMPILATION_MODE = wholemodule;
				SWIFT_OPTIMIZATION_LEVEL = "-O";
				SWIFT_VERSION = 5.9;
			};
			name = Release;
		};
/* End XCBuildConfiguration section */

/* Begin XCConfigurationList section */
		C6788FC10FBFC33B6345EFC3 /* Build configuration list for PBXProject "FlyGen" */ = {
			isa = XCConfigurationList;
			buildConfigurations = (
				6F61ED788E57894D38B1F001 /* Debug */,
				93099F68B343EEC3B3D1B08F /* Release */,
			);
			defaultConfigurationIsVisible = 0;
			defaultConfigurationName = Debug;
		};
		D1E8A9682B8FAB3784CE191F /* Build configuration list for PBXNativeTarget "FlyGen" */ = {
			isa = XCConfigurationList;
			buildConfigurations = (
				3B952E310891DDEB69CFF67D /* Debug */,
				1792D6CB66F603A92C5C0C79 /* Release */,
			);
			defaultConfigurationIsVisible = 0;
			defaultConfigurationName = Debug;
		};
/* End XCConfigurationList section */

/* Begin XCRemoteSwiftPackageReference section */
		8B31641B2EE5FCF300996E8A /* XCRemoteSwiftPackageReference "lottie-ios" */ = {
			isa = XCRemoteSwiftPackageReference;
			repositoryURL = "https://github.com/airbnb/lottie-ios.git";
			requirement = {
				kind = upToNextMajorVersion;
				minimumVersion = 4.5.2;
			};
		};
/* End XCRemoteSwiftPackageReference section */

/* Begin XCSwiftPackageProductDependency section */
		8B31641C2EE5FCF300996E8A /* Lottie */ = {
			isa = XCSwiftPackageProductDependency;
			package = 8B31641B2EE5FCF300996E8A /* XCRemoteSwiftPackageReference "lottie-ios" */;
			productName = Lottie;
		};
/* End XCSwiftPackageProductDependency section */
	};
	rootObject = C7D4720515CD4E13086217E0 /* Project object */;
}
